{
  "nodes": {
    "darwin": {
      "inputs": {
        "nixpkgs": [
          "nixpkgs-darwin"
        ]
      },
      "locked": {
        "lastModified": 1720337362,
        "narHash": "sha256-9TNQtlwu97NPaJYsKkdObOsy0MLN4NAOBz0pqwH3KnA=",
        "owner": "LnL7",
        "repo": "nix-darwin",
        "rev": "0f89b73f41eaa1dde67b291452c181d9a75f10dd",
        "type": "github"
      },
      "original": {
        "owner": "LnL7",
        "repo": "nix-darwin",
        "type": "github"
      }
    },
    "nixpkgs": {
      "locked": {
        "lastModified": 1720338227,
        "narHash": "sha256-PlL/yXNX/C87S2N8lF/HfOJhHForf/l7E6lVWZ4jMrw=",
        "owner": "NixOS",
        "repo": "nixpkgs",
        "rev": "b60793b86201040d9dee019a05089a9150d08b5b",
        "type": "github"
      },
      "original": {
        "id": "nixpkgs",
        "type": "indirect"
      }
    },
    "nixpkgs-darwin": {
      "locked": {
        "lastModified": 1720338227,
        "narHash": "sha256-PlL/yXNX/C87S2N8lF/HfOJhHForf/l7E6lVWZ4jMrw=",
        "owner": "NixOS",
        "repo": "nixpkgs",
        "rev": "b60793b86201040d9dee019a05089a9150d08b5b",
        "type": "github"
      },
      "original": {
        "owner": "NixOS",
        "ref": "nixpkgs-unstable",
        "repo": "nixpkgs",
        "type": "github"
      }
    },
    "root": {
      "inputs": {
        "darwin": "darwin",
        "nixpkgs": "nixpkgs",
        "nixpkgs-darwin": "nixpkgs-darwin"
      }
    }
  },
  "root": "root",
  "version": 7
}
