{
  "nodes": {
    "darwin": {
      "inputs": {
        "nixpkgs": [
          "nixpkgs-darwin"
        ]
      },
      "locked": {
        "lastModified": 1721086468,
        "narHash": "sha256-OF642LVDj5Icr0tXlY9P54vna4OP10IMhIhhiKwIRpw=",
        "owner": "LnL7",
        "repo": "nix-darwin",
        "rev": "7522a30d328f885d20c2815bd05eb711bc69644c",
        "type": "github"
      },
      "original": {
        "owner": "LnL7",
        "repo": "nix-darwin",
        "type": "github"
      }
    },
    "nixpkgs": {
      "locked": {
        "lastModified": 1721016451,
        "narHash": "sha256-Cypl9ORr5UjtBsbjXMTJRepTe362yNVrPrntUvHiTaw=",
        "owner": "NixOS",
        "repo": "nixpkgs",
        "rev": "a14c5d651cee9ed70f9cd9e83f323f1e531002db",
        "type": "github"
      },
      "original": {
        "id": "nixpkgs",
        "type": "indirect"
      }
    },
    "nixpkgs-darwin": {
      "locked": {
        "lastModified": 1721016451,
        "narHash": "sha256-Cypl9ORr5UjtBsbjXMTJRepTe362yNVrPrntUvHiTaw=",
        "owner": "NixOS",
        "repo": "nixpkgs",
        "rev": "a14c5d651cee9ed70f9cd9e83f323f1e531002db",
        "type": "github"
      },
      "original": {
        "owner": "NixOS",
        "ref": "nixpkgs-unstable",
        "repo": "nixpkgs",
        "type": "github"
      }
    },
    "root": {
      "inputs": {
        "darwin": "darwin",
        "nixpkgs": "nixpkgs",
        "nixpkgs-darwin": "nixpkgs-darwin"
      }
    }
  },
  "root": "root",
  "version": 7
}
