{
  "nodes": {
    "darwin": {
      "inputs": {
        "nixpkgs": [
          "nixpkgs-darwin"
        ]
      },
      "locked": {
        "lastModified": 1711763326,
        "narHash": "sha256-sXcesZWKXFlEQ8oyGHnfk4xc9f2Ip0X/+YZOq3sKviI=",
        "owner": "LnL7",
        "repo": "nix-darwin",
        "rev": "36524adc31566655f2f4d55ad6b875fb5c1a4083",
        "type": "github"
      },
      "original": {
        "owner": "LnL7",
        "repo": "nix-darwin",
        "type": "github"
      }
    },
    "nixpkgs": {
      "locked": {
        "lastModified": 1712849433,
        "narHash": "sha256-flQtf/ZPJgkLY/So3Fd+dGilw2DKIsiwgMEn7BbBHL0=",
        "owner": "NixOS",
        "repo": "nixpkgs",
        "rev": "f173d0881eff3b21ebb29a2ef8bedbc106c86ea5",
        "type": "github"
      },
      "original": {
        "id": "nixpkgs",
        "type": "indirect"
      }
    },
    "nixpkgs-darwin": {
      "locked": {
        "lastModified": 1712849433,
        "narHash": "sha256-flQtf/ZPJgkLY/So3Fd+dGilw2DKIsiwgMEn7BbBHL0=",
        "owner": "NixOS",
        "repo": "nixpkgs",
        "rev": "f173d0881eff3b21ebb29a2ef8bedbc106c86ea5",
        "type": "github"
      },
      "original": {
        "owner": "NixOS",
        "ref": "nixpkgs-unstable",
        "repo": "nixpkgs",
        "type": "github"
      }
    },
    "root": {
      "inputs": {
        "darwin": "darwin",
        "nixpkgs": "nixpkgs",
        "nixpkgs-darwin": "nixpkgs-darwin"
      }
    }
  },
  "root": "root",
  "version": 7
}
